
Microsoft Visual Studio Solution File, Format Version 12.00
# Visual Studio 15
VisualStudioVersion = 15.0.28307.168
MinimumVisualStudioVersion = 10.0.40219.1
Project("{FAE04EC0-301F-11D3-BF4B-00C04F79EFBC}") = "Epam.MySocialNet.WebUI", "MySocialNet\Epam.MySocialNet.WebUI.csproj", "{0276745E-B88F-40F6-9FFE-08F95C71DAA3}"
EndProject
Project("{FAE04EC0-301F-11D3-BF4B-00C04F79EFBC}") = "Epam.MySocialNet.Entities", "Epam.MySocialNet.Entities\Epam.MySocialNet.Entities.csproj", "{A490C4C3-9FB6-42CE-9E62-48543FADF852}"
EndProject
Project("{2150E333-8FDC-42A3-9474-1A3956D46DE8}") = "PL", "PL", "{D724E142-574D-45E0-B39F-86E2C521D077}"
EndProject
Project("{2150E333-8FDC-42A3-9474-1A3956D46DE8}") = "BLL", "BLL", "{82285E65-03CF-40DC-8DF9-36EEB950CA82}"
EndProject
Project("{2150E333-8FDC-42A3-9474-1A3956D46DE8}") = "Common", "Common", "{CBE2AF5F-A987-43F2-8C9A-7B51056E3FAE}"
EndProject
Project("{2150E333-8FDC-42A3-9474-1A3956D46DE8}") = "DAL", "DAL", "{71A74EB4-CFAF-4416-86D2-C509E699CAF7}"
EndProject
Project("{FAE04EC0-301F-11D3-BF4B-00C04F79EFBC}") = "Epam.MySocialNet.LogicContracts", "Epam.MySocialNet.LogicContracts\Epam.MySocialNet.LogicContracts.csproj", "{6C78AD2C-CB54-49D8-B783-7FF46613F2D4}"
EndProject
Project("{FAE04EC0-301F-11D3-BF4B-00C04F79EFBC}") = "Epam.MySocialNet.Logic", "Epam.MySocialNet.Logic\Epam.MySocialNet.Logic.csproj", "{B25A9A24-6781-4A90-B032-8D5D3C8FD2C1}"
EndProject
Global
	GlobalSection(SolutionConfigurationPlatforms) = preSolution
		Debug|Any CPU = Debug|Any CPU
		Release|Any CPU = Release|Any CPU
	EndGlobalSection
	GlobalSection(ProjectConfigurationPlatforms) = postSolution
		{0276745E-B88F-40F6-9FFE-08F95C71DAA3}.Debug|Any CPU.ActiveCfg = Debug|Any CPU
		{0276745E-B88F-40F6-9FFE-08F95C71DAA3}.Debug|Any CPU.Build.0 = Debug|Any CPU
		{0276745E-B88F-40F6-9FFE-08F95C71DAA3}.Release|Any CPU.ActiveCfg = Release|Any CPU
		{0276745E-B88F-40F6-9FFE-08F95C71DAA3}.Release|Any CPU.Build.0 = Release|Any CPU
		{A490C4C3-9FB6-42CE-9E62-48543FADF852}.Debug|Any CPU.ActiveCfg = Debug|Any CPU
		{A490C4C3-9FB6-42CE-9E62-48543FADF852}.Debug|Any CPU.Build.0 = Debug|Any CPU
		{A490C4C3-9FB6-42CE-9E62-48543FADF852}.Release|Any CPU.ActiveCfg = Release|Any CPU
		{A490C4C3-9FB6-42CE-9E62-48543FADF852}.Release|Any CPU.Build.0 = Release|Any CPU
		{6C78AD2C-CB54-49D8-B783-7FF46613F2D4}.Debug|Any CPU.ActiveCfg = Debug|Any CPU
		{6C78AD2C-CB54-49D8-B783-7FF46613F2D4}.Debug|Any CPU.Build.0 = Debug|Any CPU
		{6C78AD2C-CB54-49D8-B783-7FF46613F2D4}.Release|Any CPU.ActiveCfg = Release|Any CPU
		{6C78AD2C-CB54-49D8-B783-7FF46613F2D4}.Release|Any CPU.Build.0 = Release|Any CPU
		{B25A9A24-6781-4A90-B032-8D5D3C8FD2C1}.Debug|Any CPU.ActiveCfg = Debug|Any CPU
		{B25A9A24-6781-4A90-B032-8D5D3C8FD2C1}.Debug|Any CPU.Build.0 = Debug|Any CPU
		{B25A9A24-6781-4A90-B032-8D5D3C8FD2C1}.Release|Any CPU.ActiveCfg = Release|Any CPU
		{B25A9A24-6781-4A90-B032-8D5D3C8FD2C1}.Release|Any CPU.Build.0 = Release|Any CPU
	EndGlobalSection
	GlobalSection(SolutionProperties) = preSolution
		HideSolutionNode = FALSE
	EndGlobalSection
	GlobalSection(NestedProjects) = preSolution
		{0276745E-B88F-40F6-9FFE-08F95C71DAA3} = {D724E142-574D-45E0-B39F-86E2C521D077}
		{A490C4C3-9FB6-42CE-9E62-48543FADF852} = {CBE2AF5F-A987-43F2-8C9A-7B51056E3FAE}
		{6C78AD2C-CB54-49D8-B783-7FF46613F2D4} = {82285E65-03CF-40DC-8DF9-36EEB950CA82}
		{B25A9A24-6781-4A90-B032-8D5D3C8FD2C1} = {82285E65-03CF-40DC-8DF9-36EEB950CA82}
	EndGlobalSection
	GlobalSection(ExtensibilityGlobals) = postSolution
		SolutionGuid = {DD4627DF-BF45-402B-982C-941DB645D20A}
	EndGlobalSection
EndGlobal
