
Microsoft Visual Studio Solution File, Format Version 12.00
# Visual Studio 15
VisualStudioVersion = 15.0.28306.52
MinimumVisualStudioVersion = 10.0.40219.1
Project("{FAE04EC0-301F-11D3-BF4B-00C04F79EFBC}") = "Epam.Task04.CustomSort", "Epam.Task04.CustomSort\Epam.Task04.CustomSort.csproj", "{28670E6A-B3F1-485A-ABA9-507D50B5E99E}"
EndProject
Project("{FAE04EC0-301F-11D3-BF4B-00C04F79EFBC}") = "ToIntOrNotToInt", "ToIntOrNotToInt\ToIntOrNotToInt.csproj", "{B72DC657-88E1-43F3-8133-CF0AA57724EA}"
EndProject
Global
	GlobalSection(SolutionConfigurationPlatforms) = preSolution
		Debug|Any CPU = Debug|Any CPU
		Release|Any CPU = Release|Any CPU
	EndGlobalSection
	GlobalSection(ProjectConfigurationPlatforms) = postSolution
		{28670E6A-B3F1-485A-ABA9-507D50B5E99E}.Debug|Any CPU.ActiveCfg = Debug|Any CPU
		{28670E6A-B3F1-485A-ABA9-507D50B5E99E}.Debug|Any CPU.Build.0 = Debug|Any CPU
		{28670E6A-B3F1-485A-ABA9-507D50B5E99E}.Release|Any CPU.ActiveCfg = Release|Any CPU
		{28670E6A-B3F1-485A-ABA9-507D50B5E99E}.Release|Any CPU.Build.0 = Release|Any CPU
		{B72DC657-88E1-43F3-8133-CF0AA57724EA}.Debug|Any CPU.ActiveCfg = Debug|Any CPU
		{B72DC657-88E1-43F3-8133-CF0AA57724EA}.Debug|Any CPU.Build.0 = Debug|Any CPU
		{B72DC657-88E1-43F3-8133-CF0AA57724EA}.Release|Any CPU.ActiveCfg = Release|Any CPU
		{B72DC657-88E1-43F3-8133-CF0AA57724EA}.Release|Any CPU.Build.0 = Release|Any CPU
	EndGlobalSection
	GlobalSection(SolutionProperties) = preSolution
		HideSolutionNode = FALSE
	EndGlobalSection
	GlobalSection(ExtensibilityGlobals) = postSolution
		SolutionGuid = {7C53650A-E219-44E1-950F-8BDD00AD16A1}
	EndGlobalSection
EndGlobal
