
Microsoft Visual Studio Solution File, Format Version 12.00
# Visual Studio 15
VisualStudioVersion = 15.0.28306.52
MinimumVisualStudioVersion = 10.0.40219.1
Project("{FAE04EC0-301F-11D3-BF4B-00C04F79EFBC}") = "Epam.Task03.Lost", "Epam.Task03.Lost\Epam.Task03.Lost.csproj", "{8E654F08-64C7-4720-ACD9-F74988C5ED0C}"
EndProject
Project("{FAE04EC0-301F-11D3-BF4B-00C04F79EFBC}") = "Epam.Task03.WordFrequency", "Epam.Task03.WordFrequency\Epam.Task03.WordFrequency.csproj", "{C7787637-9E02-4526-A7EA-989874462BA6}"
EndProject
Project("{FAE04EC0-301F-11D3-BF4B-00C04F79EFBC}") = "Epam.Task03.DynamicArray", "Epam.Task03.DynamicArray\Epam.Task03.DynamicArray.csproj", "{BCCE71DB-AC94-446F-B869-2E7B97814735}"
EndProject
Global
	GlobalSection(SolutionConfigurationPlatforms) = preSolution
		Debug|Any CPU = Debug|Any CPU
		Release|Any CPU = Release|Any CPU
	EndGlobalSection
	GlobalSection(ProjectConfigurationPlatforms) = postSolution
		{8E654F08-64C7-4720-ACD9-F74988C5ED0C}.Debug|Any CPU.ActiveCfg = Debug|Any CPU
		{8E654F08-64C7-4720-ACD9-F74988C5ED0C}.Debug|Any CPU.Build.0 = Debug|Any CPU
		{8E654F08-64C7-4720-ACD9-F74988C5ED0C}.Release|Any CPU.ActiveCfg = Release|Any CPU
		{8E654F08-64C7-4720-ACD9-F74988C5ED0C}.Release|Any CPU.Build.0 = Release|Any CPU
		{C7787637-9E02-4526-A7EA-989874462BA6}.Debug|Any CPU.ActiveCfg = Debug|Any CPU
		{C7787637-9E02-4526-A7EA-989874462BA6}.Debug|Any CPU.Build.0 = Debug|Any CPU
		{C7787637-9E02-4526-A7EA-989874462BA6}.Release|Any CPU.ActiveCfg = Release|Any CPU
		{C7787637-9E02-4526-A7EA-989874462BA6}.Release|Any CPU.Build.0 = Release|Any CPU
		{BCCE71DB-AC94-446F-B869-2E7B97814735}.Debug|Any CPU.ActiveCfg = Debug|Any CPU
		{BCCE71DB-AC94-446F-B869-2E7B97814735}.Debug|Any CPU.Build.0 = Debug|Any CPU
		{BCCE71DB-AC94-446F-B869-2E7B97814735}.Release|Any CPU.ActiveCfg = Release|Any CPU
		{BCCE71DB-AC94-446F-B869-2E7B97814735}.Release|Any CPU.Build.0 = Release|Any CPU
	EndGlobalSection
	GlobalSection(SolutionProperties) = preSolution
		HideSolutionNode = FALSE
	EndGlobalSection
	GlobalSection(ExtensibilityGlobals) = postSolution
		SolutionGuid = {870E245F-2D3F-4662-B2F0-A13BF6B50047}
	EndGlobalSection
EndGlobal
